
Microsoft Visual Studio Solution File, Format Version 12.00
Project("{FAE04EC0-301F-11D3-BF4B-00C04F79EFBC}") = "Contracts", "Contracts\Contracts.csproj", "{5B2CC574-FA6C-4842-9C48-8D1492EEDBE9}"
EndProject
Project("{FAE04EC0-301F-11D3-BF4B-00C04F79EFBC}") = "Client", "Client\Client.csproj", "{C0CE4449-F498-454A-B734-B58762A0BF8F}"
EndProject
Project("{FAE04EC0-301F-11D3-BF4B-00C04F79EFBC}") = "Service", "Service\Service.csproj", "{57EDB389-E0BC-430A-AB73-0EAC5A05957F}"
EndProject
Project("{FAE04EC0-301F-11D3-BF4B-00C04F79EFBC}") = "ConcreteClient", "ConcreteClient\ConcreteClient.csproj", "{D7B03A8A-7790-4507-BBF8-092A9B831421}"
EndProject
Project("{FAE04EC0-301F-11D3-BF4B-00C04F79EFBC}") = "ConcreteService", "ConcreteService\ConcreteService.csproj", "{DD3895CF-AFE3-45B9-BF4F-F5A4ABB70693}"
EndProject
Global
	GlobalSection(SolutionConfigurationPlatforms) = preSolution
		Debug|Any CPU = Debug|Any CPU
		Release|Any CPU = Release|Any CPU
	EndGlobalSection
	GlobalSection(ProjectConfigurationPlatforms) = postSolution
		{5B2CC574-FA6C-4842-9C48-8D1492EEDBE9}.Debug|Any CPU.ActiveCfg = Debug|Any CPU
		{5B2CC574-FA6C-4842-9C48-8D1492EEDBE9}.Debug|Any CPU.Build.0 = Debug|Any CPU
		{5B2CC574-FA6C-4842-9C48-8D1492EEDBE9}.Release|Any CPU.ActiveCfg = Release|Any CPU
		{5B2CC574-FA6C-4842-9C48-8D1492EEDBE9}.Release|Any CPU.Build.0 = Release|Any CPU
		{C0CE4449-F498-454A-B734-B58762A0BF8F}.Debug|Any CPU.ActiveCfg = Debug|Any CPU
		{C0CE4449-F498-454A-B734-B58762A0BF8F}.Debug|Any CPU.Build.0 = Debug|Any CPU
		{C0CE4449-F498-454A-B734-B58762A0BF8F}.Release|Any CPU.ActiveCfg = Release|Any CPU
		{C0CE4449-F498-454A-B734-B58762A0BF8F}.Release|Any CPU.Build.0 = Release|Any CPU
		{57EDB389-E0BC-430A-AB73-0EAC5A05957F}.Debug|Any CPU.ActiveCfg = Debug|Any CPU
		{57EDB389-E0BC-430A-AB73-0EAC5A05957F}.Debug|Any CPU.Build.0 = Debug|Any CPU
		{57EDB389-E0BC-430A-AB73-0EAC5A05957F}.Release|Any CPU.ActiveCfg = Release|Any CPU
		{57EDB389-E0BC-430A-AB73-0EAC5A05957F}.Release|Any CPU.Build.0 = Release|Any CPU
		{D7B03A8A-7790-4507-BBF8-092A9B831421}.Debug|Any CPU.ActiveCfg = Debug|Any CPU
		{D7B03A8A-7790-4507-BBF8-092A9B831421}.Debug|Any CPU.Build.0 = Debug|Any CPU
		{D7B03A8A-7790-4507-BBF8-092A9B831421}.Release|Any CPU.ActiveCfg = Release|Any CPU
		{D7B03A8A-7790-4507-BBF8-092A9B831421}.Release|Any CPU.Build.0 = Release|Any CPU
		{DD3895CF-AFE3-45B9-BF4F-F5A4ABB70693}.Debug|Any CPU.ActiveCfg = Debug|Any CPU
		{DD3895CF-AFE3-45B9-BF4F-F5A4ABB70693}.Debug|Any CPU.Build.0 = Debug|Any CPU
		{DD3895CF-AFE3-45B9-BF4F-F5A4ABB70693}.Release|Any CPU.ActiveCfg = Release|Any CPU
		{DD3895CF-AFE3-45B9-BF4F-F5A4ABB70693}.Release|Any CPU.Build.0 = Release|Any CPU
	EndGlobalSection
EndGlobal
